PODS:
  - AdvancedPageControl (0.9.0)
  - Charts (4.1.0):
    - Charts/Core (= 4.1.0)
  - Charts/Core (4.1.0):
    - SwiftAlgorithms (~> 1.0)
  - Cosmos (25.0.1)
  - CountryPickerView (3.3.0)
  - GoogleMaps (7.4.0):
    - GoogleMaps/Maps (= 7.4.0)
  - GoogleMaps/Base (7.4.0)
  - GoogleMaps/Maps (7.4.0):
    - GoogleMaps/Base
  - GooglePlaces (7.4.0)
  - IQKeyboardCore (1.0.5)
  - IQKeyboardManagerSwift (8.0.0):
    - IQKeyboardManagerSwift/Appearance (= 8.0.0)
    - IQKeyboardManagerSwift/Core (= 8.0.0)
    - IQKeyboardManagerSwift/IQKeyboardReturnManager (= 8.0.0)
    - IQKeyboardManagerSwift/IQKeyboardToolbarManager (= 8.0.0)
    - IQKeyboardManagerSwift/IQTextView (= 8.0.0)
    - IQKeyboardManagerSwift/Resign (= 8.0.0)
  - IQKeyboardManagerSwift/Appearance (8.0.0):
    - IQKeyboardManagerSwift/Core
  - IQKeyboardManagerSwift/Core (8.0.0):
    - IQKeyboardNotification
    - IQTextInputViewNotification
  - IQKeyboardManagerSwift/IQKeyboardReturnManager (8.0.0):
    - IQKeyboardReturnManager
  - IQKeyboardManagerSwift/IQKeyboardToolbarManager (8.0.0):
    - IQKeyboardManagerSwift/Core
    - IQKeyboardToolbarManager
  - IQKeyboardManagerSwift/IQTextView (8.0.0):
    - IQTextView
  - IQKeyboardManagerSwift/Resign (8.0.0):
    - IQKeyboardManagerSwift/Core
  - IQKeyboardNotification (1.0.3)
  - IQKeyboardReturnManager (1.0.4):
    - IQKeyboardCore (= 1.0.5)
  - IQKeyboardToolbar (1.1.1):
    - IQKeyboardCore
    - IQKeyboardToolbar/Core (= 1.1.1)
  - IQKeyboardToolbar/Core (1.1.1):
    - IQKeyboardCore
    - IQKeyboardToolbar/Placeholderable
  - IQKeyboardToolbar/Placeholderable (1.1.1):
    - IQKeyboardCore
  - IQKeyboardToolbarManager (1.1.2):
    - IQKeyboardToolbar
    - IQTextInputViewNotification
  - IQTextInputViewNotification (1.0.8):
    - IQKeyboardCore
  - IQTextView (1.0.5):
    - IQKeyboardToolbar/Placeholderable
  - MBProgressHUD (1.2.0)
  - MercariQRScanner (1.9.0)
  - PhoneNumberKit (4.0.1):
    - PhoneNumberKit/PhoneNumberKitCore (= 4.0.1)
    - PhoneNumberKit/UIKit (= 4.0.1)
  - PhoneNumberKit/PhoneNumberKitCore (4.0.1)
  - PhoneNumberKit/UIKit (4.0.1):
    - PhoneNumberKit/PhoneNumberKitCore
  - RangeSeekSlider (1.8.0)
  - SDWebImage (5.20.0):
    - SDWebImage/Core (= 5.20.0)
  - SDWebImage/Core (5.20.0)
  - ShimmerSwift (2.1.1)
  - SkeletonView (1.30.4)
  - Socket.IO-Client-Swift (16.1.1):
    - Starscream (~> 4.0.8)
  - Starscream (4.0.8)
  - SwiftAlgorithms (1.0.0)
  - SwiftMessageBar (5.6.1)
  - SwiftMessages (10.0.1):
    - SwiftMessages/App (= 10.0.1)
  - SwiftMessages/App (10.0.1)
  - SwiftyJSON (4.3.0)

DEPENDENCIES:
  - AdvancedPageControl
  - Charts
  - Cosmos
  - CountryPickerView
  - GoogleMaps
  - GooglePlaces
  - IQKeyboardManagerSwift
  - MBProgressHUD
  - MercariQRScanner
  - PhoneNumberKit
  - RangeSeekSlider
  - SDWebImage
  - ShimmerSwift
  - SkeletonView
  - Socket.IO-Client-Swift
  - SwiftMessageBar
  - SwiftMessages
  - SwiftyJSON (~> 4.0)

SPEC REPOS:
  trunk:
    - AdvancedPageControl
    - Charts
    - Cosmos
    - CountryPickerView
    - GoogleMaps
    - GooglePlaces
    - IQKeyboardCore
    - IQKeyboardManagerSwift
    - IQKeyboardNotification
    - IQKeyboardReturnManager
    - IQKeyboardToolbar
    - IQKeyboardToolbarManager
    - IQTextInputViewNotification
    - IQTextView
    - MBProgressHUD
    - MercariQRScanner
    - PhoneNumberKit
    - RangeSeekSlider
    - SDWebImage
    - ShimmerSwift
    - SkeletonView
    - Socket.IO-Client-Swift
    - Starscream
    - SwiftAlgorithms
    - SwiftMessageBar
    - SwiftMessages
    - SwiftyJSON

SPEC CHECKSUMS:
  AdvancedPageControl: 39e3b32b00b2d324c534f8e17cc6c5be9abe84b7
  Charts: ce0768268078eee0336f122c3c4ca248e4e204c5
  Cosmos: 02db0a1c953107049bfd2d7af19ceef55ecb7e98
  CountryPickerView: 6322ada32a80b0cd721b0267282a5c24f406f263
  GoogleMaps: 032f676450ba0779bd8ce16840690915f84e57ac
  GooglePlaces: 544e908d94860bf6f8fc1865b80d2c7eb6b5f937
  IQKeyboardCore: 28c8bf3bcd8ba5aa1570b318cbc4da94b861711e
  IQKeyboardManagerSwift: 0c6fbbaa2e60739e48d7cf59f25661471a7a3a65
  IQKeyboardNotification: d7382c4466c5a5adef92c7452ebf861b36050088
  IQKeyboardReturnManager: 972be48528ce9e7508ab3ab15ac7efac803f17f5
  IQKeyboardToolbar: d4bdccfb78324aec2f3920659c77bb89acd33312
  IQKeyboardToolbarManager: 6f4072ac620c2572d4af8c09f42a801f3e4909f7
  IQTextInputViewNotification: f5e954d8881fd9808b744e49e024cc0d4bcfe572
  IQTextView: ae13b4922f22e6f027f62c557d9f4f236b19d5c7
  MBProgressHUD: 3ee5efcc380f6a79a7cc9b363dd669c5e1ae7406
  MercariQRScanner: e5aea873969af59b09b4cc411fc1c5b6293dba44
  PhoneNumberKit: a74155066daa6450475f6a029068eb919fb00d5d
  RangeSeekSlider: 650b11fa1edcb92e1e0ede797669d98622570fb5
  SDWebImage: 73c6079366fea25fa4bb9640d5fb58f0893facd8
  ShimmerSwift: f7ed2daf9c246de8299dfd9e12c6ab465cba9842
  SkeletonView: 5a050f6411e697abd4cda0a8d767013399dccd69
  Socket.IO-Client-Swift: 3614bea82ba005df1c2ff01154f4004993e05ad7
  Starscream: 19b5533ddb925208db698f0ac508a100b884a1b9
  SwiftAlgorithms: 38dda4731d19027fdeee1125f973111bf3386b53
  SwiftMessageBar: bb93132e3cd4c8896a971df1b425a587bc5e26ae
  SwiftMessages: 759b4a0bf5c3a116a0d7e8a34b098ba83c458625
  SwiftyJSON: 6faa0040f8b59dead0ee07436cbf76b73c08fd08

PODFILE CHECKSUM: fc3d5ac144499e7e4e01f4d86879dd4c69d7e40e

COCOAPODS: 1.16.2
